
Microsoft Visual Studio Solution File, Format Version 12.00
# Visual Studio Version 16
VisualStudioVersion = 16.0.30011.22
MinimumVisualStudioVersion = 10.0.40219.1
Project("{FAE04EC0-301F-11D3-BF4B-00C04F79EFBC}") = "Decisions.MSOneDrive", "Decisions.MSOneDrive\Decisions.MSOneDrive.csproj", "{D24FA8B7-2941-4119-9282-CAE83118B3B3}"
EndProject
Project("{FAE04EC0-301F-11D3-BF4B-00C04F79EFBC}") = "Decisions.MSOneDrive.TestSuite", "Decisions.MSOneDrive.TestSuite\Decisions.MSOneDrive.TestSuite.csproj", "{31F9D44E-BB55-4168-9E4C-C3AC950CF62D}"
EndProject
Global
	GlobalSection(SolutionConfigurationPlatforms) = preSolution
		Debug|Any CPU = Debug|Any CPU
		Release|Any CPU = Release|Any CPU
	EndGlobalSection
	GlobalSection(ProjectConfigurationPlatforms) = postSolution
		{D24FA8B7-2941-4119-9282-CAE83118B3B3}.Debug|Any CPU.ActiveCfg = Debug|Any CPU
		{D24FA8B7-2941-4119-9282-CAE83118B3B3}.Debug|Any CPU.Build.0 = Debug|Any CPU
		{D24FA8B7-2941-4119-9282-CAE83118B3B3}.Release|Any CPU.ActiveCfg = Release|Any CPU
		{D24FA8B7-2941-4119-9282-CAE83118B3B3}.Release|Any CPU.Build.0 = Release|Any CPU
		{31F9D44E-BB55-4168-9E4C-C3AC950CF62D}.Debug|Any CPU.ActiveCfg = Debug|Any CPU
		{31F9D44E-BB55-4168-9E4C-C3AC950CF62D}.Debug|Any CPU.Build.0 = Debug|Any CPU
		{31F9D44E-BB55-4168-9E4C-C3AC950CF62D}.Release|Any CPU.ActiveCfg = Release|Any CPU
		{31F9D44E-BB55-4168-9E4C-C3AC950CF62D}.Release|Any CPU.Build.0 = Release|Any CPU
	EndGlobalSection
	GlobalSection(SolutionProperties) = preSolution
		HideSolutionNode = FALSE
	EndGlobalSection
	GlobalSection(ExtensibilityGlobals) = postSolution
		SolutionGuid = {49A61DA9-49AC-4B32-AD1E-BB533FA0C7F0}
	EndGlobalSection
EndGlobal
